
Microsoft Visual Studio Solution File, Format Version 12.00
# Visual Studio Version 17
VisualStudioVersion = 17.5.33516.290
MinimumVisualStudioVersion = 10.0.40219.1
Project("{8BC9CEB8-8B4A-11D0-8D11-00A0C91BC942}") = "評価課題2", "評価課題2.vcxproj", "{A93C7869-D103-495F-B5BA-1122DE76EB6C}"
EndProject
Global
	GlobalSection(SolutionConfigurationPlatforms) = preSolution
		Debug|x64 = Debug|x64
		Release|x64 = Release|x64
	EndGlobalSection
	GlobalSection(ProjectConfigurationPlatforms) = postSolution
		{A93C7869-D103-495F-B5BA-1122DE76EB6C}.Debug|x64.ActiveCfg = Debug|x64
		{A93C7869-D103-495F-B5BA-1122DE76EB6C}.Debug|x64.Build.0 = Debug|x64
		{A93C7869-D103-495F-B5BA-1122DE76EB6C}.Release|x64.ActiveCfg = Release|x64
		{A93C7869-D103-495F-B5BA-1122DE76EB6C}.Release|x64.Build.0 = Release|x64
	EndGlobalSection
	GlobalSection(SolutionProperties) = preSolution
		HideSolutionNode = FALSE
	EndGlobalSection
	GlobalSection(ExtensibilityGlobals) = postSolution
		SolutionGuid = {136F45CB-92AE-438B-9593-15ECC8907A73}
	EndGlobalSection
EndGlobal
